// !$*UTF8*$!
{
	archiveVersion = 1;
	classes = {
	};
	objectVersion = 46;
	objects = {

/* Begin PBXBuildFile section */
		892EC42F1E32428C0093940C /* AppDelegate.swift in Sources */ = {isa = PBXBuildFile; fileRef = 892EC42E1E32428C0093940C /* AppDelegate.swift */; };
		892EC4311E32428C0093940C /* ViewController.swift in Sources */ = {isa = PBXBuildFile; fileRef = 892EC4301E32428C0093940C /* ViewController.swift */; };
		892EC4341E32428C0093940C /* Main.storyboard in Resources */ = {isa = PBXBuildFile; fileRef = 892EC4321E32428C0093940C /* Main.storyboard */; };
		892EC4361E32428C0093940C /* Assets.xcassets in Resources */ = {isa = PBXBuildFile; fileRef = 892EC4351E32428C0093940C /* Assets.xcassets */; };
		892EC4391E32428C0093940C /* LaunchScreen.storyboard in Resources */ = {isa = PBXBuildFile; fileRef = 892EC4371E32428C0093940C /* LaunchScreen.storyboard */; };
		892EC4411E3244DE0093940C /* CustomTableViewCell.swift in Sources */ = {isa = PBXBuildFile; fileRef = 892EC4401E3244DE0093940C /* CustomTableViewCell.swift */; };
/* End PBXBuildFile section */

/* Begin PBXFileReference section */
		892EC42B1E32428C0093940C /* TestResizingCell.app */ = {isa = PBXFileReference; explicitFileType = wrapper.application; includeInIndex = 0; path = TestResizingCell.app; sourceTree = BUILT_PRODUCTS_DIR; };
		892EC42E1E32428C0093940C /* AppDelegate.swift */ = {isa = PBXFileReference; lastKnownFileType = sourcecode.swift; path = AppDelegate.swift; sourceTree = "<group>"; };
		892EC4301E32428C0093940C /* ViewController.swift */ = {isa = PBXFileReference; lastKnownFileType = sourcecode.swift; path = ViewController.swift; sourceTree = "<group>"; };
		892EC4331E32428C0093940C /* Base */ = {isa = PBXFileReference; lastKnownFileType = file.storyboard; name = Base; path = Base.lproj/Main.storyboard; sourceTree = "<group>"; };
		892EC4351E32428C0093940C /* Assets.xcassets */ = {isa = PBXFileReference; lastKnownFileType = folder.assetcatalog; path = Assets.xcassets; sourceTree = "<group>"; };
		892EC4381E32428C0093940C /* Base */ = {isa = PBXFileReference; lastKnownFileType = file.storyboard; name = Base; path = Base.lproj/LaunchScreen.storyboard; sourceTree = "<group>"; };
		892EC43A1E32428C0093940C /* Info.plist */ = {isa = PBXFileReference; lastKnownFileType = text.plist.xml; path = Info.plist; sourceTree = "<group>"; };
		892EC4401E3244DE0093940C /* CustomTableViewCell.swift */ = {isa = PBXFileReference; fileEncoding = 4; lastKnownFileType = sourcecode.swift; path = CustomTableViewCell.swift; sourceTree = "<group>"; };
/* End PBXFileReference section */

/* Begin PBXFrameworksBuildPhase section */
		892EC4281E32428C0093940C /* Frameworks */ = {
			isa = PBXFrameworksBuildPhase;
			buildActionMask = 2147483647;
			files = (
			);
			runOnlyForDeploymentPostprocessing = 0;
		};
/* End PBXFrameworksBuildPhase section */

/* Begin PBXGroup section */
		892EC4221E32428C0093940C = {
			isa = PBXGroup;
			children = (
				892EC42D1E32428C0093940C /* TestResizingCell */,
				892EC42C1E32428C0093940C /* Products */,
			);
			sourceTree = "<group>";
		};
		892EC42C1E32428C0093940C /* Products */ = {
			isa = PBXGroup;
			children = (
				892EC42B1E32428C0093940C /* TestResizingCell.app */,
			);
			name = Products;
			sourceTree = "<group>";
		};
		892EC42D1E32428C0093940C /* TestResizingCell */ = {
			isa = PBXGroup;
			children = (
				892EC42E1E32428C0093940C /* AppDelegate.swift */,
				892EC4301E32428C0093940C /* ViewController.swift */,
				892EC4321E32428C0093940C /* Main.storyboard */,
				892EC4351E32428C0093940C /* Assets.xcassets */,
				892EC4371E32428C0093940C /* LaunchScreen.storyboard */,
				892EC43A1E32428C0093940C /* Info.plist */,
				892EC4401E3244DE0093940C /* CustomTableViewCell.swift */,
			);
			path = TestResizingCell;
			sourceTree = "<group>";
		};
/* End PBXGroup section */

/* Begin PBXNativeTarget section */
		892EC42A1E32428C0093940C /* TestResizingCell */ = {
			isa = PBXNativeTarget;
			buildConfigurationList = 892EC43D1E32428C0093940C /* Build configuration list for PBXNativeTarget "TestResizingCell" */;
			buildPhases = (
				892EC4271E32428C0093940C /* Sources */,
				892EC4281E32428C0093940C /* Frameworks */,
				892EC4291E32428C0093940C /* Resources */,
			);
			buildRules = (
			);
			dependencies = (
			);
			name = TestResizingCell;
			productName = TestResizingCell;
			productReference = 892EC42B1E32428C0093940C /* TestResizingCell.app */;
			productType = "com.apple.product-type.application";
		};
/* End PBXNativeTarget section */

/* Begin PBXProject section */
		892EC4231E32428C0093940C /* Project object */ = {
			isa = PBXProject;
			attributes = {
				LastSwiftUpdateCheck = 0820;
				LastUpgradeCheck = 0820;
				ORGANIZATIONNAME = DutchVirtual;
				TargetAttributes = {
					892EC42A1E32428C0093940C = {
						CreatedOnToolsVersion = 8.2;
						DevelopmentTeam = MH8GQLL8BR;
						ProvisioningStyle = Automatic;
					};
				};
			};
			buildConfigurationList = 892EC4261E32428C0093940C /* Build configuration list for PBXProject "TestResizingCell" */;
			compatibilityVersion = "Xcode 3.2";
			developmentRegion = English;
			hasScannedForEncodings = 0;
			knownRegions = (
				en,
				Base,
			);
			mainGroup = 892EC4221E32428C0093940C;
			productRefGroup = 892EC42C1E32428C0093940C /* Products */;
			projectDirPath = "";
			projectRoot = "";
			targets = (
				892EC42A1E32428C0093940C /* TestResizingCell */,
			);
		};
/* End PBXProject section */

/* Begin PBXResourcesBuildPhase section */
		892EC4291E32428C0093940C /* Resources */ = {
			isa = PBXResourcesBuildPhase;
			buildActionMask = 2147483647;
			files = (
				892EC4391E32428C0093940C /* LaunchScreen.storyboard in Resources */,
				892EC4361E32428C0093940C /* Assets.xcassets in Resources */,
				892EC4341E32428C0093940C /* Main.storyboard in Resources */,
			);
			runOnlyForDeploymentPostprocessing = 0;
		};
/* End PBXResourcesBuildPhase section */

/* Begin PBXSourcesBuildPhase section */
		892EC4271E32428C0093940C /* Sources */ = {
			isa = PBXSourcesBuildPhase;
			buildActionMask = 2147483647;
			files = (
				892EC4411E3244DE0093940C /* CustomTableViewCell.swift in Sources */,
				892EC4311E32428C0093940C /* ViewController.swift in Sources */,
				892EC42F1E32428C0093940C /* AppDelegate.swift in Sources */,
			);
			runOnlyForDeploymentPostprocessing = 0;
		};
/* End PBXSourcesBuildPhase section */

/* Begin PBXVariantGroup section */
		892EC4321E32428C0093940C /* Main.storyboard */ = {
			isa = PBXVariantGroup;
			children = (
				892EC4331E32428C0093940C /* Base */,
			);
			name = Main.storyboard;
			sourceTree = "<group>";
		};
		892EC4371E32428C0093940C /* LaunchScreen.storyboard */ = {
			isa = PBXVariantGroup;
			children = (
				892EC4381E32428C0093940C /* Base */,
			);
			name = LaunchScreen.storyboard;
			sourceTree = "<group>";
		};
/* End PBXVariantGroup section */

/* Begin XCBuildConfiguration section */
		892EC43B1E32428C0093940C /* Debug */ = {
			isa = XCBuildConfiguration;
			buildSettings = {
				ALWAYS_SEARCH_USER_PATHS = NO;
				CLANG_ANALYZER_NONNULL = YES;
				CLANG_CXX_LANGUAGE_STANDARD = "gnu++0x";
				CLANG_CXX_LIBRARY = "libc++";
				CLANG_ENABLE_MODULES = YES;
				CLANG_ENABLE_OBJC_ARC = YES;
				CLANG_WARN_BOOL_CONVERSION = YES;
				CLANG_WARN_CONSTANT_CONVERSION = YES;
				CLANG_WARN_DIRECT_OBJC_ISA_USAGE = YES_ERROR;
				CLANG_WARN_DOCUMENTATION_COMMENTS = YES;
				CLANG_WARN_EMPTY_BODY = YES;
				CLANG_WARN_ENUM_CONVERSION = YES;
				CLANG_WARN_INFINITE_RECURSION = YES;
				CLANG_WARN_INT_CONVERSION = YES;
				CLANG_WARN_OBJC_ROOT_CLASS = YES_ERROR;
				CLANG_WARN_SUSPICIOUS_MOVE = YES;
				CLANG_WARN_UNREACHABLE_CODE = YES;
				CLANG_WARN__DUPLICATE_METHOD_MATCH = YES;
				"CODE_SIGN_IDENTITY[sdk=iphoneos*]" = "iPhone Developer";
				COPY_PHASE_STRIP = NO;
				DEBUG_INFORMATION_FORMAT = dwarf;
				ENABLE_STRICT_OBJC_MSGSEND = YES;
				ENABLE_TESTABILITY = YES;
				GCC_C_LANGUAGE_STANDARD = gnu99;
				GCC_DYNAMIC_NO_PIC = NO;
				GCC_NO_COMMON_BLOCKS = YES;
				GCC_OPTIMIZATION_LEVEL = 0;
				GCC_PREPROCESSOR_DEFINITIONS = (
					"DEBUG=1",
					"$(inherited)",
				);
				GCC_WARN_64_TO_32_BIT_CONVERSION = YES;
				GCC_WARN_ABOUT_RETURN_TYPE = YES_ERROR;
				GCC_WARN_UNDECLARED_SELECTOR = YES;
				GCC_WARN_UNINITIALIZED_AUTOS = YES_AGGRESSIVE;
				GCC_WARN_UNUSED_FUNCTION = YES;
				GCC_WARN_UNUSED_VARIABLE = YES;
				IPHONEOS_DEPLOYMENT_TARGET = 10.2;
				MTL_ENABLE_DEBUG_INFO = YES;
				ONLY_ACTIVE_ARCH = YES;
				SDKROOT = iphoneos;
				SWIFT_ACTIVE_COMPILATION_CONDITIONS = DEBUG;
				SWIFT_OPTIMIZATION_LEVEL = "-Onone";
				TARGETED_DEVICE_FAMILY = "1,2";
			};
			name = Debug;
		};
		892EC43C1E32428C0093940C /* Release */ = {
			isa = XCBuildConfiguration;
			buildSettings = {
				ALWAYS_SEARCH_USER_PATHS = NO;
				CLANG_ANALYZER_NONNULL = YES;
				CLANG_CXX_LANGUAGE_STANDARD = "gnu++0x";
				CLANG_CXX_LIBRARY = "libc++";
				CLANG_ENABLE_MODULES = YES;
				CLANG_ENABLE_OBJC_ARC = YES;
				CLANG_WARN_BOOL_CONVERSION = YES;
				CLANG_WARN_CONSTANT_CONVERSION = YES;
				CLANG_WARN_DIRECT_OBJC_ISA_USAGE = YES_ERROR;
				CLANG_WARN_DOCUMENTATION_COMMENTS = YES;
				CLANG_WARN_EMPTY_BODY = YES;
				CLANG_WARN_ENUM_CONVERSION = YES;
				CLANG_WARN_INFINITE_RECURSION = YES;
				CLANG_WARN_INT_CONVERSION = YES;
				CLANG_WARN_OBJC_ROOT_CLASS = YES_ERROR;
				CLANG_WARN_SUSPICIOUS_MOVE = YES;
				CLANG_WARN_UNREACHABLE_CODE = YES;
				CLANG_WARN__DUPLICATE_METHOD_MATCH = YES;
				"CODE_SIGN_IDENTITY[sdk=iphoneos*]" = "iPhone Developer";
				COPY_PHASE_STRIP = NO;
				DEBUG_INFORMATION_FORMAT = "dwarf-with-dsym";
				ENABLE_NS_ASSERTIONS = NO;
				ENABLE_STRICT_OBJC_MSGSEND = YES;
				GCC_C_LANGUAGE_STANDARD = gnu99;
				GCC_NO_COMMON_BLOCKS = YES;
				GCC_WARN_64_TO_32_BIT_CONVERSION = YES;
				GCC_WARN_ABOUT_RETURN_TYPE = YES_ERROR;
				GCC_WARN_UNDECLARED_SELECTOR = YES;
				GCC_WARN_UNINITIALIZED_AUTOS = YES_AGGRESSIVE;
				GCC_WARN_UNUSED_FUNCTION = YES;
				GCC_WARN_UNUSED_VARIABLE = YES;
				IPHONEOS_DEPLOYMENT_TARGET = 10.2;
				MTL_ENABLE_DEBUG_INFO = NO;
				SDKROOT = iphoneos;
				SWIFT_OPTIMIZATION_LEVEL = "-Owholemodule";
				TARGETED_DEVICE_FAMILY = "1,2";
				VALIDATE_PRODUCT = YES;
			};
			name = Release;
		};
		892EC43E1E32428C0093940C /* Debug */ = {
			isa = XCBuildConfiguration;
			buildSettings = {
				ASSETCATALOG_COMPILER_APPICON_NAME = AppIcon;
				DEVELOPMENT_TEAM = MH8GQLL8BR;
				INFOPLIST_FILE = TestResizingCell/Info.plist;
				LD_RUNPATH_SEARCH_PATHS = "$(inherited) @executable_path/Frameworks";
				PRODUCT_BUNDLE_IDENTIFIER = nl.dutchvirtual.TestResizingCell;
				PRODUCT_NAME = "$(TARGET_NAME)";
				SWIFT_VERSION = 3.0;
			};
			name = Debug;
		};
		892EC43F1E32428C0093940C /* Release */ = {
			isa = XCBuildConfiguration;
			buildSettings = {
				ASSETCATALOG_COMPILER_APPICON_NAME = AppIcon;
				DEVELOPMENT_TEAM = MH8GQLL8BR;
				INFOPLIST_FILE = TestResizingCell/Info.plist;
				LD_RUNPATH_SEARCH_PATHS = "$(inherited) @executable_path/Frameworks";
				PRODUCT_BUNDLE_IDENTIFIER = nl.dutchvirtual.TestResizingCell;
				PRODUCT_NAME = "$(TARGET_NAME)";
				SWIFT_VERSION = 3.0;
			};
			name = Release;
		};
/* End XCBuildConfiguration section */

/* Begin XCConfigurationList section */
		892EC4261E32428C0093940C /* Build configuration list for PBXProject "TestResizingCell" */ = {
			isa = XCConfigurationList;
			buildConfigurations = (
				892EC43B1E32428C0093940C /* Debug */,
				892EC43C1E32428C0093940C /* Release */,
			);
			defaultConfigurationIsVisible = 0;
			defaultConfigurationName = Release;
		};
		892EC43D1E32428C0093940C /* Build configuration list for PBXNativeTarget "TestResizingCell" */ = {
			isa = XCConfigurationList;
			buildConfigurations = (
				892EC43E1E32428C0093940C /* Debug */,
				892EC43F1E32428C0093940C /* Release */,
			);
			defaultConfigurationIsVisible = 0;
		};
/* End XCConfigurationList section */
	};
	rootObject = 892EC4231E32428C0093940C /* Project object */;
}
